Microsoft Visual Studio Solution File, Format Version 11.00
# Visual Studio 2019

Project("{8BC9CEB8-8B4A-11D0-8D11-00A0C91BC942}") = "MultiBandEQ - Standalone Plugin", "MultiBandEQ_StandalonePlugin.vcxproj", "{17D760FD-B955-C6AF-141D-49E2E0F581C7}"
	ProjectSection(ProjectDependencies) = postProject
		{C82E7254-5855-E755-68D3-D8510BBB24B9} = {C82E7254-5855-E755-68D3-D8510BBB24B9}
	EndProjectSection
EndProject
Project("{8BC9CEB8-8B4A-11D0-8D11-00A0C91BC942}") = "MultiBandEQ - VST3", "MultiBandEQ_VST3.vcxproj", "{68FA41A3-BFBF-2821-D495-0793504DAEDF}"
	ProjectSection(ProjectDependencies) = postProject
		{C82E7254-5855-E755-68D3-D8510BBB24B9} = {C82E7254-5855-E755-68D3-D8510BBB24B9}
	EndProjectSection
EndProject
Project("{8BC9CEB8-8B4A-11D0-8D11-00A0C91BC942}") = "MultiBandEQ - Shared Code", "MultiBandEQ_SharedCode.vcxproj", "{C82E7254-5855-E755-68D3-D8510BBB24B9}"
EndProject
Global
	GlobalSection(SolutionConfigurationPlatforms) = preSolution
		Debug|x64 = Debug|x64
		Release|x64 = Release|x64
	EndGlobalSection
	GlobalSection(ProjectConfigurationPlatforms) = postSolution
		{68FA41A3-BFBF-2821-D495-0793504DAEDF}.Debug|x64.ActiveCfg = Debug|x64
		{68FA41A3-BFBF-2821-D495-0793504DAEDF}.Debug|x64.Build.0 = Debug|x64
		{68FA41A3-BFBF-2821-D495-0793504DAEDF}.Release|x64.ActiveCfg = Release|x64
		{68FA41A3-BFBF-2821-D495-0793504DAEDF}.Release|x64.Build.0 = Release|x64
		{17D760FD-B955-C6AF-141D-49E2E0F581C7}.Debug|x64.ActiveCfg = Debug|x64
		{17D760FD-B955-C6AF-141D-49E2E0F581C7}.Debug|x64.Build.0 = Debug|x64
		{17D760FD-B955-C6AF-141D-49E2E0F581C7}.Release|x64.ActiveCfg = Release|x64
		{17D760FD-B955-C6AF-141D-49E2E0F581C7}.Release|x64.Build.0 = Release|x64
		{C82E7254-5855-E755-68D3-D8510BBB24B9}.Debug|x64.ActiveCfg = Debug|x64
		{C82E7254-5855-E755-68D3-D8510BBB24B9}.Debug|x64.Build.0 = Debug|x64
		{C82E7254-5855-E755-68D3-D8510BBB24B9}.Release|x64.ActiveCfg = Release|x64
		{C82E7254-5855-E755-68D3-D8510BBB24B9}.Release|x64.Build.0 = Release|x64
	EndGlobalSection
	GlobalSection(SolutionProperties) = preSolution
		HideSolutionNode = FALSE
	EndGlobalSection
EndGlobal
